{
    "_meta": {
        "hash": {
            "sha256": "fe3acd4bfe99dfe0f2cf39404c48859cd8b48a09a47f9c749f9576d201e61b88"
        },
        "pipfile-spec": 6,
        "requires": {
            "python_version": "3.12"
        },
        "sources": [
            {
                "name": "pypi",
                "url": "https://pypi.org/simple",
                "verify_ssl": true
            }
        ]
    },
    "default": {
        "absl-py": {
            "hashes": [
                "sha256:526a04eadab8b4ee719ce68f204172ead1027549089702d99b9059f129ff1308",
                "sha256:7820790efbb316739cde8b4e19357243fc3608a152024288513dd968d7d959ff"
            ],
            "markers": "python_version >= '3.7'",
            "version": "==2.1.0"
        },
        "highspy": {
            "hashes": [
                "sha256:0084ef4d5125de9857344ee0ac4269e2dffd21db52f83296d0e2b3c5cd2d6245",
                "sha256:01b19cd067ea767431ff1c1cf08071471ac0efa4dbdf38de2a2564a2c0be8f5b",
                "sha256:0e6cf15ea7ffd07320b6ae1e84c341d96b3d9dceba19a39c635f95ec77b46d92",
                "sha256:121ceac7251c50659fd45fb78595ae16724ce65891ef5ba8d5881e6272f180d1",
                "sha256:17334262d3b9d06530a9bd471fc47592d1353020127375807b14ffcabb2b1de8",
                "sha256:188b41cfde3c4b591a677d6a3bdebab31c005c691a7d7819d35803201b877829",
                "sha256:1fb06877e35741c05d7a367562b06d0b37bb5d829dc86d7d8d1f71336418a09b",
                "sha256:2280b79ad1d8ea958a9ea435810b36fd306153ec346c9481716fdaab89de9d4b",
                "sha256:22d4b7705afa0e9e9d65b8e46b52bb6ac263d20e9b2212240c9663d0b6c82cee",
                "sha256:2523b750204563a121fa6998c0838a038dbe99cbe246fd9aa2ad3444e67e192b",
                "sha256:2673a127f02633ae10c33d26d996a5a172d24de7085861f5b32ef4983531bcbf",
                "sha256:2837d139ac739e25830b96b6e0a15d7fa8b08ad7ca03f7aedc7cfcbefaf2cbf4",
                "sha256:28abc122995c2d0b627c3192d29c7c631d77b81e3f45980cf9e5cda76a653ac2",
                "sha256:2996947e0740bd7e9678493578f6a385473421bd29f170addd9adadf82b88d68",
                "sha256:2b55b7c9d82db8eff035e553b73c573ddb6e1f1b213ab8dab326a578740aa914",
                "sha256:2c8e7f229b7c12f7a157ee96c6a61159559c1aa4c69f46e7d90af4c9e3cf7713",
                "sha256:2c9e7977e114b8fcf8ecaa3d6755c54d4878314eda0e90e60f8bbca1b6029170",
                "sha256:334f4a45a1ddb64ed29e0e3b9de6c1ecba6979a2d00877b2b0bba55b5212101f",
                "sha256:3568a39e8be211d9003f57598a9b898861a3bc33d2dcc78eb26e81ec3f135820",
                "sha256:3e4b796fcc8604247541422b7a7dd13973d731bd4cedc895224ac9e111a5ddf2",
                "sha256:47e17e9c778ca52835535fc9f498520bcd53f0c6927f2e6840d67b9f7e787c2b",
                "sha256:4b8fc89555b4eea74d7974455e6b05fdb3356e1c4ae23c45c4083866ea01358e",
                "sha256:4dbd9851cc870671f53b4c1f4eaf3190812b33225b120003c53b68d96122d429",
                "sha256:55bb3f3b8c2330f220518e0d35786b53f9353a733d66b262ddb1627807d52341",
                "sha256:593b511dd0c7b6d04a2c4f52c016de92d0fe6aec370c356e7f32867a2e7c35dd",
                "sha256:5bca41cf30c2d99b9c83896a7e7ee4b88792749cc49268ab8ad24faf81e3df0d",
                "sha256:5ff4585e6c285e2f92bbfd4726560fd97b1d0c239332a59a984ae6fdd0edf54d",
                "sha256:6a0a7bf1e23da39bbbb24a5d60730207ad5213203200990d836b0313d80f3f86",
                "sha256:6e73788dddc15c5d3ee3b5eb3aa57823088f3a5473d1b9a171c9d3c94c3df2b4",
                "sha256:74d9d38f4dde1dc14dcaad536226b9a03bb15d8619642c298d991b9a850c5274",
                "sha256:774a026641cf7ebc87478adff33d0f451d95ce767d15f0ec4e7c4137b02b07ba",
                "sha256:7f20d3579292c8deb9f10907911edfc442ef54a6d8722046ef29d2c275ae9389",
                "sha256:83ba9ab0a8ee6cdd2c0dcccb82b061badc7046d13c88e3098e1f593b205e29d2",
                "sha256:92915be23dc46afb10648104c91b87794ce4e22a3b66a846a1f50be3db91c2b3",
                "sha256:945966e7a9f678e1cd416139713a939e7870bbb4b1d0bb3a64d7dfb7a7614673",
                "sha256:948249af5b2d233ce2bf11d25f376c30482b3b38252c259a1388ca1312f09aaa",
                "sha256:94c36b4a9847df8106998c88a5b0b2ce4b974fa172bc1353e61a7fab9faaaa80",
                "sha256:9e02633812954379d0421f8ba59407c89a3b0578e74e2a590212ac1b203b5189",
                "sha256:a0f55c34af46bde179211a945b5cade2bac48a72e59a3e89118a412123294753",
                "sha256:a1d1b59fd145dc52faea22dbfd065595081636bc52d959c353e29829cfedb0f1",
                "sha256:ad175f0723489cd10c59bd9267c495e01c1105d569e456e076f25a0c21011e26",
                "sha256:b335c7ac26413b2c81fb392f9ca19ad377ac0327b725111c9ef08391ef1cb765",
                "sha256:bb7097a62b8ae956df4eb79f5e27dc7aad16207cf73e0f72a518c9edcb933d63",
                "sha256:be899c23dabadb5c93d539906e2332912e963c0c91bf402dcf96097cb1e5ddeb",
                "sha256:c40853744a60afb032eb60f158c84f967b0a6484fcd3d50783035264ba084c30",
                "sha256:cdbefc18618cf281e099d3be4c2c229ee42337ff0c72a361bc5f105db92eb897",
                "sha256:d19a63b8e69f75073c802daadb39ea6cba85eee19853655409f8c78df66fc966",
                "sha256:d1db987e443db7cd10da2d6a6f6357224b9f669a43668d1f71823269cb0098bc",
                "sha256:d40b926eed056891406d899492c257033536887a393ce43447fa247d227652bc",
                "sha256:d99994d51a6fbfa36ee37170ba680df10c21c8ca11d5182b9b459833233a9f30",
                "sha256:ded960d78ea5c1d8aa6139d5b48e6d41b3797517efd9f0559d735e3ab4d0dc5b",
                "sha256:e03fa21705ff182daaba0150fe727c31cb78a35103e203eda96e7963f839139c",
                "sha256:e163c4985d4930bc04bd1dbe1830cee79b997c9f68172ad8ba5ebd326b716836",
                "sha256:e8a618f386b6df598463e967a5c174cce073d6a805d5463aae849534d335ccad",
                "sha256:f4b5c33866ed85f4b3796cd43211a0e24ce2c26c7a11fc8934818d80cc544ccd",
                "sha256:f54a121df6fc3e5cac6763cba2303bc4d78abb9edd56053f3852b4dab8a0aa99",
                "sha256:f84b37394b9d2c824d13e1917a609b3746c5fcc8bbaf8b021531a77b18b0d25e",
                "sha256:f97c9ed6f57764cfab988852ee880db4abdac634e3bf9c1148433729e62e3921",
                "sha256:fa71dbe1faa9a5306835c1182fa82523facdf0f174b610da261acb33389ff2e9",
                "sha256:faf7d0f470fa1a7b538c778a2402ed3d921392716fdcae30fd5e4f70e4ec6fdc"
            ],
            "index": "pypi",
            "markers": "python_version >= '3.8'",
            "version": "==1.8.1"
        },
        "immutabledict": {
            "hashes": [
                "sha256:c56a26ced38c236f79e74af3ccce53772827cef5c3bce7cab33ff2060f756373",
                "sha256:d91017248981c72eb66c8ff9834e99c2f53562346f23e7f51e7a5ebcf66a3bcc"
            ],
            "markers": "python_version >= '3.8'",
            "version": "==4.2.1"
        },
        "numpy": {
            "hashes": [
                "sha256:016d0f6f5e77b0f0d45d77387ffa4bb89816b57c835580c3ce8e099ef830befe",
                "sha256:02135ade8b8a84011cbb67dc44e07c58f28575cf9ecf8ab304e51c05528c19f0",
                "sha256:08788d27a5fd867a663f6fc753fd7c3ad7e92747efc73c53bca2f19f8bc06f48",
                "sha256:0d30c543f02e84e92c4b1f415b7c6b5326cbe45ee7882b6b77db7195fb971e3a",
                "sha256:0fa14563cc46422e99daef53d725d0c326e99e468a9320a240affffe87852564",
                "sha256:13138eadd4f4da03074851a698ffa7e405f41a0845a6b1ad135b81596e4e9958",
                "sha256:14e253bd43fc6b37af4921b10f6add6925878a42a0c5fe83daee390bca80bc17",
                "sha256:15cb89f39fa6d0bdfb600ea24b250e5f1a3df23f901f51c8debaa6a5d122b2f0",
                "sha256:17ee83a1f4fef3c94d16dc1802b998668b5419362c8a4f4e8a491de1b41cc3ee",
                "sha256:2312b2aa89e1f43ecea6da6ea9a810d06aae08321609d8dc0d0eda6d946a541b",
                "sha256:2564fbdf2b99b3f815f2107c1bbc93e2de8ee655a69c261363a1172a79a257d4",
                "sha256:3522b0dfe983a575e6a9ab3a4a4dfe156c3e428468ff08ce582b9bb6bd1d71d4",
                "sha256:4394bc0dbd074b7f9b52024832d16e019decebf86caf909d94f6b3f77a8ee3b6",
                "sha256:45966d859916ad02b779706bb43b954281db43e185015df6eb3323120188f9e4",
                "sha256:4d1167c53b93f1f5d8a139a742b3c6f4d429b54e74e6b57d0eff40045187b15d",
                "sha256:4f2015dfe437dfebbfce7c85c7b53d81ba49e71ba7eadbf1df40c915af75979f",
                "sha256:50ca6aba6e163363f132b5c101ba078b8cbd3fa92c7865fd7d4d62d9779ac29f",
                "sha256:50d18c4358a0a8a53f12a8ba9d772ab2d460321e6a93d6064fc22443d189853f",
                "sha256:5641516794ca9e5f8a4d17bb45446998c6554704d888f86df9b200e66bdcce56",
                "sha256:576a1c1d25e9e02ed7fa5477f30a127fe56debd53b8d2c89d5578f9857d03ca9",
                "sha256:6a4825252fcc430a182ac4dee5a505053d262c807f8a924603d411f6718b88fd",
                "sha256:72dcc4a35a8515d83e76b58fdf8113a5c969ccd505c8a946759b24e3182d1f23",
                "sha256:747641635d3d44bcb380d950679462fae44f54b131be347d5ec2bce47d3df9ed",
                "sha256:762479be47a4863e261a840e8e01608d124ee1361e48b96916f38b119cfda04a",
                "sha256:78574ac2d1a4a02421f25da9559850d59457bac82f2b8d7a44fe83a64f770098",
                "sha256:825656d0743699c529c5943554d223c021ff0494ff1442152ce887ef4f7561a1",
                "sha256:8637dcd2caa676e475503d1f8fdb327bc495554e10838019651b76d17b98e512",
                "sha256:96fe52fcdb9345b7cd82ecd34547fca4321f7656d500eca497eb7ea5a926692f",
                "sha256:973faafebaae4c0aaa1a1ca1ce02434554d67e628b8d805e61f874b84e136b09",
                "sha256:996bb9399059c5b82f76b53ff8bb686069c05acc94656bb259b1d63d04a9506f",
                "sha256:a38c19106902bb19351b83802531fea19dee18e5b37b36454f27f11ff956f7fc",
                "sha256:a6b46587b14b888e95e4a24d7b13ae91fa22386c199ee7b418f449032b2fa3b8",
                "sha256:a9f7f672a3388133335589cfca93ed468509cb7b93ba3105fce780d04a6576a0",
                "sha256:aa08e04e08aaf974d4458def539dece0d28146d866a39da5639596f4921fd761",
                "sha256:b0df3635b9c8ef48bd3be5f862cf71b0a4716fa0e702155c45067c6b711ddcef",
                "sha256:b47fbb433d3260adcd51eb54f92a2ffbc90a4595f8970ee00e064c644ac788f5",
                "sha256:baed7e8d7481bfe0874b566850cb0b85243e982388b7b23348c6db2ee2b2ae8e",
                "sha256:bc6f24b3d1ecc1eebfbf5d6051faa49af40b03be1aaa781ebdadcbc090b4539b",
                "sha256:c006b607a865b07cd981ccb218a04fc86b600411d83d6fc261357f1c0966755d",
                "sha256:c181ba05ce8299c7aa3125c27b9c2167bca4a4445b7ce73d5febc411ca692e43",
                "sha256:c7662f0e3673fe4e832fe07b65c50342ea27d989f92c80355658c7f888fcc83c",
                "sha256:c80e4a09b3d95b4e1cac08643f1152fa71a0a821a2d4277334c88d54b2219a41",
                "sha256:c894b4305373b9c5576d7a12b473702afdf48ce5369c074ba304cc5ad8730dff",
                "sha256:d7aac50327da5d208db2eec22eb11e491e3fe13d22653dce51b0f4109101b408",
                "sha256:d89dd2b6da69c4fff5e39c28a382199ddedc3a5be5390115608345dec660b9e2",
                "sha256:d9beb777a78c331580705326d2367488d5bc473b49a9bc3036c154832520aca9",
                "sha256:dc258a761a16daa791081d026f0ed4399b582712e6fc887a95af09df10c5ca57",
                "sha256:e14e26956e6f1696070788252dcdff11b4aca4c3e8bd166e0df1bb8f315a67cb",
                "sha256:e6988e90fcf617da2b5c78902fe8e668361b43b4fe26dbf2d7b0f8034d4cafb9",
                "sha256:e711e02f49e176a01d0349d82cb5f05ba4db7d5e7e0defd026328e5cfb3226d3",
                "sha256:ea4dedd6e394a9c180b33c2c872b92f7ce0f8e7ad93e9585312b0c5a04777a4a",
                "sha256:ecc76a9ba2911d8d37ac01de72834d8849e55473457558e12995f4cd53e778e0",
                "sha256:f55ba01150f52b1027829b50d70ef1dafd9821ea82905b63936668403c3b471e",
                "sha256:f653490b33e9c3a4c1c01d41bc2aef08f9475af51146e4a7710c450cf9761598",
                "sha256:fa2d1337dc61c8dc417fbccf20f6d1e139896a30721b7f1e832b2bb6ef4eb6c4"
            ],
            "markers": "python_version >= '3.10'",
            "version": "==2.1.3"
        },
        "ortools": {
            "hashes": [
                "sha256:03ecd32e5d760d48e59832ef6bf724f8cac95e4e40db72a7fb912abf7adcf931",
                "sha256:079bea08c6341dcfe3fb9586eb6edec6ae80f4ed16ed366fd7a46ef4b5709009",
                "sha256:0f902caa1576d737714f6a4fa165db62469bce82115e250409607197b3b6b434",
                "sha256:127f20f03ce04c28f979eac635d1cacdc01597c9e035a1981070506294d7db9c",
                "sha256:1f48e3d4053a169440608d881c1abd2a706db885d9b0af85bf45b444a1fec244",
                "sha256:219ffa56e8e4f52561586cea3dd55eb0f5d174a84c83a819d71debad766338e3",
                "sha256:250c62ba9e5fcaf18ada449bc0128c71bb0dbea83ddec5559cc506cff920235c",
                "sha256:2c242738a49279c3a58b4611a64dd24634f1638f4dbb435163e3f9308e7c84c9",
                "sha256:2fd0aa0b4edfb3088f086bc05d42a381cc3d03da4b8ad18ce18ba213ab2c719f",
                "sha256:6b9d4ae6c7e9efac7cbef8a6289e97e238c2f0a8ef587b3e56b71af14c2f04e6",
                "sha256:7f55124f9d1afa6434d0d6de07c6a4eb836f29b00b3413d27138634d5d79b606",
                "sha256:8d7d1a105f105502cf2f785816b09b796e5845fd47efac0dc0e3c0476b4c961a",
                "sha256:9c3693f0cb07ee0b5d36c4817bcfe05a745e3a613798a2ed62eb998d7fff979c",
                "sha256:9f250641d7b822be25237fb78aed0878b07e8afdefddb700bafcc52f32ad520a",
                "sha256:a2828e91960c4e4fcf27bc6e200e2cd61ce1c42d4a3b95481a842a58c8315345",
                "sha256:a503291dc12dc44da48567c5e1f79c77cd054fb86176f2c99d2860bc5a57e03d",
                "sha256:a56c5844ff927ce3c5428159cdd01b7fdbe243e8062bf1dfdb2e0eb305a55a30",
                "sha256:afcca4919e1095a79af0375276c5377a2d75794ebd592c4cc841d9979e0526e7",
                "sha256:bc1b6e4cc0a121ef888481a99194765e6df72d4d3da81f928543171a2bac8cbb",
                "sha256:bd2c0b319f4c0999360ab45a85d5764838c9dd0fd33437d12e32b2c07cbe04e4",
                "sha256:c6f3e2869396dc6d8ee2d11b65d6f88f6386bb3ad64212c0ad7a6d32ddcb48ca",
                "sha256:c7c15cefc7bc71aa2f70bee157aaa7e51ed8cb74c3edd499d15b6f5cd79cdf5b",
                "sha256:d5a17a37aeaa7d149e2fe8c8dfd5f09630ae28ad734a109ad55536605f8059df",
                "sha256:d9b858f0273e19f81555428d54d407428d0a70a8cb5df2c320935bb735f2c6bb",
                "sha256:db9186bbc7a30538f277e704e9e77ff52bc75aa2c17095a125b2dc212a75cf8e"
            ],
            "index": "pypi",
            "markers": "python_version >= '3.8'",
            "version": "==9.11.4210"
        },
        "pandas": {
            "hashes": [
                "sha256:062309c1b9ea12a50e8ce661145c6aab431b1e99530d3cd60640e255778bd43a",
                "sha256:15c0e1e02e93116177d29ff83e8b1619c93ddc9c49083f237d4312337a61165d",
                "sha256:1948ddde24197a0f7add2bdc4ca83bf2b1ef84a1bc8ccffd95eda17fd836ecb5",
                "sha256:1db71525a1538b30142094edb9adc10be3f3e176748cd7acc2240c2f2e5aa3a4",
                "sha256:22a9d949bfc9a502d320aa04e5d02feab689d61da4e7764b62c30b991c42c5f0",
                "sha256:29401dbfa9ad77319367d36940cd8a0b3a11aba16063e39632d98b0e931ddf32",
                "sha256:31d0ced62d4ea3e231a9f228366919a5ea0b07440d9d4dac345376fd8e1477ea",
                "sha256:3508d914817e153ad359d7e069d752cdd736a247c322d932eb89e6bc84217f28",
                "sha256:37e0aced3e8f539eccf2e099f65cdb9c8aa85109b0be6e93e2baff94264bdc6f",
                "sha256:381175499d3802cde0eabbaf6324cce0c4f5d52ca6f8c377c29ad442f50f6348",
                "sha256:38cf8125c40dae9d5acc10fa66af8ea6fdf760b2714ee482ca691fc66e6fcb18",
                "sha256:3b71f27954685ee685317063bf13c7709a7ba74fc996b84fc6821c59b0f06468",
                "sha256:3fc6873a41186404dad67245896a6e440baacc92f5b716ccd1bc9ed2995ab2c5",
                "sha256:4850ba03528b6dd51d6c5d273c46f183f39a9baf3f0143e566b89450965b105e",
                "sha256:4f18ba62b61d7e192368b84517265a99b4d7ee8912f8708660fb4a366cc82667",
                "sha256:56534ce0746a58afaf7942ba4863e0ef81c9c50d3f0ae93e9497d6a41a057645",
                "sha256:59ef3764d0fe818125a5097d2ae867ca3fa64df032331b7e0917cf5d7bf66b13",
                "sha256:5dbca4c1acd72e8eeef4753eeca07de9b1db4f398669d5994086f788a5d7cc30",
                "sha256:5de54125a92bb4d1c051c0659e6fcb75256bf799a732a87184e5ea503965bce3",
                "sha256:61c5ad4043f791b61dd4752191d9f07f0ae412515d59ba8f005832a532f8736d",
                "sha256:6374c452ff3ec675a8f46fd9ab25c4ad0ba590b71cf0656f8b6daa5202bca3fb",
                "sha256:63cc132e40a2e084cf01adf0775b15ac515ba905d7dcca47e9a251819c575ef3",
                "sha256:66108071e1b935240e74525006034333f98bcdb87ea116de573a6a0dccb6c039",
                "sha256:6dfcb5ee8d4d50c06a51c2fffa6cff6272098ad6540aed1a76d15fb9318194d8",
                "sha256:7c2875855b0ff77b2a64a0365e24455d9990730d6431b9e0ee18ad8acee13dbd",
                "sha256:7eee9e7cea6adf3e3d24e304ac6b8300646e2a5d1cd3a3c2abed9101b0846761",
                "sha256:800250ecdadb6d9c78eae4990da62743b857b470883fa27f652db8bdde7f6659",
                "sha256:86976a1c5b25ae3f8ccae3a5306e443569ee3c3faf444dfd0f41cda24667ad57",
                "sha256:8cd6d7cc958a3910f934ea8dbdf17b2364827bb4dafc38ce6eef6bb3d65ff09c",
                "sha256:99df71520d25fade9db7c1076ac94eb994f4d2673ef2aa2e86ee039b6746d20c",
                "sha256:a5a1595fe639f5988ba6a8e5bc9649af3baf26df3998a0abe56c02609392e0a4",
                "sha256:ad5b65698ab28ed8d7f18790a0dc58005c7629f227be9ecc1072aa74c0c1d43a",
                "sha256:b1d432e8d08679a40e2a6d8b2f9770a5c21793a6f9f47fdd52c5ce1948a5a8a9",
                "sha256:b8661b0238a69d7aafe156b7fa86c44b881387509653fdf857bebc5e4008ad42",
                "sha256:ba96630bc17c875161df3818780af30e43be9b166ce51c9a18c1feae342906c2",
                "sha256:bc6b93f9b966093cb0fd62ff1a7e4c09e6d546ad7c1de191767baffc57628f39",
                "sha256:c124333816c3a9b03fbeef3a9f230ba9a737e9e5bb4060aa2107a86cc0a497fc",
                "sha256:cd8d0c3be0515c12fed0bdbae072551c8b54b7192c7b1fda0ba56059a0179698",
                "sha256:d9c45366def9a3dd85a6454c0e7908f2b3b8e9c138f5dc38fed7ce720d8453ed",
                "sha256:f00d1345d84d8c86a63e476bb4955e46458b304b9575dcf71102b5c705320015",
                "sha256:f3a255b2c19987fbbe62a9dfd6cff7ff2aa9ccab3fc75218fd4b7530f01efa24",
                "sha256:fffb8ae78d8af97f849404f21411c95062db1496aeb3e56f146f0355c9989319"
            ],
            "markers": "python_version >= '3.9'",
            "version": "==2.2.3"
        },
        "ply": {
            "hashes": [
                "sha256:00c7c1aaa88358b9c765b6d3000c6eec0ba42abca5351b095321aef446081da3",
                "sha256:096f9b8350b65ebd2fd1346b12452efe5b9607f7482813ffca50c22722a807ce"
            ],
            "version": "==3.11"
        },
        "protobuf": {
            "hashes": [
                "sha256:38aa5f535721d5bb99861166c445c4105c4e285c765fbb2ac10f116e32dcd46d",
                "sha256:3c388ea6ddfe735f8cf69e3f7dc7611e73107b60bdfcf5d0f024c3ccd3794e23",
                "sha256:7ee014c2c87582e101d6b54260af03b6596728505c79f17c8586e7523aaa8f8c",
                "sha256:8ca2a1d97c290ec7b16e4e5dff2e5ae150cc1582f55b5ab300d45cb0dfa90e51",
                "sha256:9b557c317ebe6836835ec4ef74ec3e994ad0894ea424314ad3552bc6e8835b4e",
                "sha256:b9ba3ca83c2e31219ffbeb9d76b63aad35a3eb1544170c55336993d7a18ae72c",
                "sha256:d693d2504ca96750d92d9de8a103102dd648fda04540495535f0fec7577ed8fc",
                "sha256:da612f2720c0183417194eeaa2523215c4fcc1a1949772dc65f05047e08d5932",
                "sha256:e6039957449cb918f331d32ffafa8eb9255769c96aa0560d9a5bf0b4e00a2a33",
                "sha256:f7417703f841167e5a27d48be13389d52ad705ec09eade63dfc3180a959215d7",
                "sha256:fbfe61e7ee8c1860855696e3ac6cfd1b01af5498facc6834fcc345c9684fb2ca"
            ],
            "markers": "python_version >= '3.8'",
            "version": "==5.26.1"
        },
        "pyomo": {
            "hashes": [
                "sha256:00ebd4c7c07977eb2429b98ce49ed1f8690c9ddf407d2bd5003f4e8cb515b0f0",
                "sha256:041d64b51f8e031b3dc129166019b72eda3cf868f6c1633a78c8cc7694a44b5e",
                "sha256:1c59503ccab6e7983b3ca5361772b851fc17c3e0ab85636234eafa9c4b7169f0",
                "sha256:1e6112e391d603add97be45856103db915a099ad403677f9064c7ceeae552420",
                "sha256:24bdef6fc9de8dee979a584a1a94c62a404481dd47f2f0561a42c5faee517fcc",
                "sha256:26831ab16c310e7e3156d4198cb47ecab60021ca10d6bd5a4abba6818e646d22",
                "sha256:28a91ab31577e578577fb4401779ec4c0836bb68137bb45a5f73f2921b555f9a",
                "sha256:2d3ad704366f6b41e96efdf0a5ce42bfe97aa17b4fed4fda3d265651d04cee2e",
                "sha256:343f0e9fb28ee86510b16aa362445ff2f4afc296a18a50f6227a5452af21adca",
                "sha256:34e51f81fb5a16366f49c4c13fbbccc3a9d8d3dec76f777cf7d6ba8bc51e6178",
                "sha256:35a6956b6128106366fd8f0ed86987289d962eaf084517e25419f1c6dec4f8a5",
                "sha256:40d8f7b216ad1602bb254f4296591608dd94fe2c961dc1e63ca6b84fb397bed6",
                "sha256:462f304ce6ab44b9a1574d3c925199211568e59ea1aa05c5278aa67c6f56dd01",
                "sha256:54cabaa006d8743ebbefc7138fd036c3e0bbee793273e6847a363f248947a613",
                "sha256:6fc03273ca1abe54ba00cce9df1754f55e48e8a87bc3403bf050f0edb29d6546",
                "sha256:7ea0790289da22964d1c2b37ca9eafda55373c84755db4c52c08fad5cde4ccd8",
                "sha256:8559c466e6d698e06869e3fb382b4cb765cd3de412bdf58ca7189cf346c4caca",
                "sha256:ab4c9155533b19469ff86faf84b89eaece612f47661c6e99082bfc67b8d7ce84",
                "sha256:bad42b369b08c0181af54e57db74e23f9e58e18be23aa0881fac5be8e2149e32",
                "sha256:c91aa84c46deb1af8b802dfb35e4de0b8bb322e7bf0daf7c82b8430d512cbc98",
                "sha256:cbe2dd1d093f0e4b4653f0bdf18a1399a94c7668dcc7f0ddc1066a0bc25466c1",
                "sha256:cd6dba83c33eb77320caaf6379b5e3149e670120b352d114a4c8508981f4eddf",
                "sha256:d455df20c5b909d1a96ea5f9bf25f4aff9803e1b6e72514b0b94d6070aa6eae6",
                "sha256:daa23505640af37c02b25fb9bc59ad8765eaba9f67cebfd0776c8597f6b4e090",
                "sha256:dd58d5d52e054e51fed1d5ff1937fb65fe77c8dad2d6b8b6a74c622c2eae0508",
                "sha256:e2e761cd596f3815e22d6d16631d34421b4f21caa612fcb445e4cba1b520e368",
                "sha256:ef6be62653c7f0449ffa3a0215b7e878d534fa6fb38fc4cb817e268956da4cd2",
                "sha256:f0b74c2fecdf980faa0ae414fa01c52c2659704d681cd120538d005f5476a819",
                "sha256:f1dfcb8af79c0393cd8cd0a2e24576690c0723e8b335c29597edb898d45a53c7",
                "sha256:fce716db0fbdfed4c142060b9746028b3cda7620a5fcec49059f51869aff82f2",
                "sha256:ff1461cd6da68c6ac5d8b98c2c2e4bee0eee5937b6e5cfb37e1fbe252f851990"
            ],
            "index": "pypi",
            "markers": "python_version >= '3.8'",
            "version": "==6.8.2"
        },
        "python-dateutil": {
            "hashes": [
                "sha256:37dd54208da7e1cd875388217d5e00ebd4179249f90fb72437e91a35459a0ad3",
                "sha256:a8b2bc7bffae282281c8140a97d3aa9c14da0b136dfe83f850eea9a5f7470427"
            ],
            "markers": "python_version >= '2.7' and python_version not in '3.0, 3.1, 3.2, 3.3'",
            "version": "==2.9.0.post0"
        },
        "pytz": {
            "hashes": [
                "sha256:2aa355083c50a0f93fa581709deac0c9ad65cca8a9e9beac660adcbd493c798a",
                "sha256:31c7c1817eb7fae7ca4b8c7ee50c72f93aa2dd863de768e1ef4245d426aa0725"
            ],
            "version": "==2024.2"
        },
        "six": {
            "hashes": [
                "sha256:1e61c37477a1626458e36f7b1d82aa5c9b094fa4802892072e49de9c60c4c926",
                "sha256:8abb2f1d86890a2dfb989f9a77cfcfd3e47c2a354b01111771326f8aa26e0254"
            ],
            "markers": "python_version >= '2.7' and python_version not in '3.0, 3.1, 3.2, 3.3'",
            "version": "==1.16.0"
        },
        "tzdata": {
            "hashes": [
                "sha256:7d85cc416e9382e69095b7bdf4afd9e3880418a2413feec7069d533d6b4e31cc",
                "sha256:a48093786cdcde33cad18c2555e8532f34422074448fbc874186f0abd79565cd"
            ],
            "markers": "python_version >= '2'",
            "version": "==2024.2"
        }
    },
    "develop": {}
}
